
Microsoft Visual Studio Solution File, Format Version 12.00
# Visual Studio 14
VisualStudioVersion = 14.0.25420.1
MinimumVisualStudioVersion = 10.0.40219.1
Project("{FAE04EC0-301F-11D3-BF4B-00C04F79EFBC}") = "HelloCI.Web", "src\app\HelloCI.Web\HelloCI.Web.csproj", "{3650C650-2BBA-4C96-908B-132491EA504A}"
EndProject
Project("{FAE04EC0-301F-11D3-BF4B-00C04F79EFBC}") = "HelloCI.Test", "src\test\HelloCI.Test\HelloCI.Test.csproj", "{2CFDE3F6-772B-4352-AAB3-6AF337FF82B2}"
EndProject
Project("{FAE04EC0-301F-11D3-BF4B-00C04F79EFBC}") = "HelloCI.Core", "src\app\HelloCI.Core\HelloCI.Core.csproj", "{EF1690A1-FD41-40CC-8CCB-05715B8EA096}"
EndProject
Global
	GlobalSection(SolutionConfigurationPlatforms) = preSolution
		Debug|Any CPU = Debug|Any CPU
		Release|Any CPU = Release|Any CPU
	EndGlobalSection
	GlobalSection(ProjectConfigurationPlatforms) = postSolution
		{3650C650-2BBA-4C96-908B-132491EA504A}.Debug|Any CPU.ActiveCfg = Debug|Any CPU
		{3650C650-2BBA-4C96-908B-132491EA504A}.Debug|Any CPU.Build.0 = Debug|Any CPU
		{3650C650-2BBA-4C96-908B-132491EA504A}.Release|Any CPU.ActiveCfg = Release|Any CPU
		{3650C650-2BBA-4C96-908B-132491EA504A}.Release|Any CPU.Build.0 = Release|Any CPU
		{2CFDE3F6-772B-4352-AAB3-6AF337FF82B2}.Debug|Any CPU.ActiveCfg = Debug|Any CPU
		{2CFDE3F6-772B-4352-AAB3-6AF337FF82B2}.Debug|Any CPU.Build.0 = Debug|Any CPU
		{2CFDE3F6-772B-4352-AAB3-6AF337FF82B2}.Release|Any CPU.ActiveCfg = Release|Any CPU
		{2CFDE3F6-772B-4352-AAB3-6AF337FF82B2}.Release|Any CPU.Build.0 = Release|Any CPU
		{EF1690A1-FD41-40CC-8CCB-05715B8EA096}.Debug|Any CPU.ActiveCfg = Debug|Any CPU
		{EF1690A1-FD41-40CC-8CCB-05715B8EA096}.Debug|Any CPU.Build.0 = Debug|Any CPU
		{EF1690A1-FD41-40CC-8CCB-05715B8EA096}.Release|Any CPU.ActiveCfg = Release|Any CPU
		{EF1690A1-FD41-40CC-8CCB-05715B8EA096}.Release|Any CPU.Build.0 = Release|Any CPU
	EndGlobalSection
	GlobalSection(SolutionProperties) = preSolution
		HideSolutionNode = FALSE
	EndGlobalSection
EndGlobal
